
Microsoft Visual Studio Solution File, Format Version 12.00
# Visual Studio Version 17
VisualStudioVersion = 17.14.37314.3 d17.14
MinimumVisualStudioVersion = 10.0.40219.1
Project("{FAE04EC0-301F-11D3-BF4B-00C04F79EFBC}") = "Bored-But-Broke-back-end", "Bored-But-Broke-back-end\Bored-But-Broke-back-end.csproj", "{AAC48E6E-B84B-4ED3-AE57-D8D92EC4F4F2}"
EndProject
Global
	GlobalSection(SolutionConfigurationPlatforms) = preSolution
		Debug|Any CPU = Debug|Any CPU
		Release|Any CPU = Release|Any CPU
	EndGlobalSection
	GlobalSection(ProjectConfigurationPlatforms) = postSolution
		{AAC48E6E-B84B-4ED3-AE57-D8D92EC4F4F2}.Debug|Any CPU.ActiveCfg = Debug|Any CPU
		{AAC48E6E-B84B-4ED3-AE57-D8D92EC4F4F2}.Debug|Any CPU.Build.0 = Debug|Any CPU
		{AAC48E6E-B84B-4ED3-AE57-D8D92EC4F4F2}.Release|Any CPU.ActiveCfg = Release|Any CPU
		{AAC48E6E-B84B-4ED3-AE57-D8D92EC4F4F2}.Release|Any CPU.Build.0 = Release|Any CPU
	EndGlobalSection
	GlobalSection(SolutionProperties) = preSolution
		HideSolutionNode = FALSE
	EndGlobalSection
	GlobalSection(ExtensibilityGlobals) = postSolution
		SolutionGuid = {823C54FD-5EAA-426A-B04E-A08495AB68DE}
	EndGlobalSection
EndGlobal
